
Microsoft Visual Studio Solution File, Format Version 12.00
# Visual Studio Version 16
VisualStudioVersion = 16.0.29519.181
MinimumVisualStudioVersion = 10.0.40219.1
Project("{FAE04EC0-301F-11D3-BF4B-00C04F79EFBC}") = "DotNetDcBot", "DotNetDcBot.csproj", "{28D02BBB-4314-4A69-9C54-0B7CF5545867}"
EndProject
Global
	GlobalSection(SolutionConfigurationPlatforms) = preSolution
		Debug|Any CPU = Debug|Any CPU
		Release|Any CPU = Release|Any CPU
	EndGlobalSection
	GlobalSection(ProjectConfigurationPlatforms) = postSolution
		{28D02BBB-4314-4A69-9C54-0B7CF5545867}.Debug|Any CPU.ActiveCfg = Debug|Any CPU
		{28D02BBB-4314-4A69-9C54-0B7CF5545867}.Debug|Any CPU.Build.0 = Debug|Any CPU
		{28D02BBB-4314-4A69-9C54-0B7CF5545867}.Release|Any CPU.ActiveCfg = Release|Any CPU
		{28D02BBB-4314-4A69-9C54-0B7CF5545867}.Release|Any CPU.Build.0 = Release|Any CPU
	EndGlobalSection
	GlobalSection(SolutionProperties) = preSolution
		HideSolutionNode = FALSE
	EndGlobalSection
	GlobalSection(ExtensibilityGlobals) = postSolution
		SolutionGuid = {20BA7F6D-5ABA-460E-84CC-6ACE78FEBC08}
	EndGlobalSection
EndGlobal
